// !$*UTF8*$!
{
	archiveVersion = 1;
	classes = {
	};
	objectVersion = 46;
	objects = {

/* Begin PBXBuildFile section */
		292FE7151DEF7032005431D3 /* AppDelegate.swift in Sources */ = {isa = PBXBuildFile; fileRef = 292FE7141DEF7032005431D3 /* AppDelegate.swift */; };
		292FE7171DEF7032005431D3 /* ViewController.swift in Sources */ = {isa = PBXBuildFile; fileRef = 292FE7161DEF7032005431D3 /* ViewController.swift */; };
		292FE71A1DEF7032005431D3 /* Main.storyboard in Resources */ = {isa = PBXBuildFile; fileRef = 292FE7181DEF7032005431D3 /* Main.storyboard */; };
		292FE71C1DEF7032005431D3 /* Assets.xcassets in Resources */ = {isa = PBXBuildFile; fileRef = 292FE71B1DEF7032005431D3 /* Assets.xcassets */; };
		292FE71F1DEF7032005431D3 /* LaunchScreen.storyboard in Resources */ = {isa = PBXBuildFile; fileRef = 292FE71D1DEF7032005431D3 /* LaunchScreen.storyboard */; };
		292FE7271DEF803C005431D3 /* level1.txt in Resources */ = {isa = PBXBuildFile; fileRef = 292FE7261DEF803C005431D3 /* level1.txt */; };
		292FE7291DEF9564005431D3 /* level2.txt in Resources */ = {isa = PBXBuildFile; fileRef = 292FE7281DEF9564005431D3 /* level2.txt */; };
/* End PBXBuildFile section */

/* Begin PBXFileReference section */
		292FE7111DEF7032005431D3 /* Project8.app */ = {isa = PBXFileReference; explicitFileType = wrapper.application; includeInIndex = 0; path = Project8.app; sourceTree = BUILT_PRODUCTS_DIR; };
		292FE7141DEF7032005431D3 /* AppDelegate.swift */ = {isa = PBXFileReference; lastKnownFileType = sourcecode.swift; path = AppDelegate.swift; sourceTree = "<group>"; };
		292FE7161DEF7032005431D3 /* ViewController.swift */ = {isa = PBXFileReference; lastKnownFileType = sourcecode.swift; path = ViewController.swift; sourceTree = "<group>"; };
		292FE7191DEF7032005431D3 /* Base */ = {isa = PBXFileReference; lastKnownFileType = file.storyboard; name = Base; path = Base.lproj/Main.storyboard; sourceTree = "<group>"; };
		292FE71B1DEF7032005431D3 /* Assets.xcassets */ = {isa = PBXFileReference; lastKnownFileType = folder.assetcatalog; path = Assets.xcassets; sourceTree = "<group>"; };
		292FE71E1DEF7032005431D3 /* Base */ = {isa = PBXFileReference; lastKnownFileType = file.storyboard; name = Base; path = Base.lproj/LaunchScreen.storyboard; sourceTree = "<group>"; };
		292FE7201DEF7032005431D3 /* Info.plist */ = {isa = PBXFileReference; lastKnownFileType = text.plist.xml; path = Info.plist; sourceTree = "<group>"; };
		292FE7261DEF803C005431D3 /* level1.txt */ = {isa = PBXFileReference; fileEncoding = 4; lastKnownFileType = text; path = level1.txt; sourceTree = "<group>"; };
		292FE7281DEF9564005431D3 /* level2.txt */ = {isa = PBXFileReference; fileEncoding = 4; lastKnownFileType = text; path = level2.txt; sourceTree = "<group>"; };
/* End PBXFileReference section */

/* Begin PBXFrameworksBuildPhase section */
		292FE70E1DEF7031005431D3 /* Frameworks */ = {
			isa = PBXFrameworksBuildPhase;
			buildActionMask = 2147483647;
			files = (
			);
			runOnlyForDeploymentPostprocessing = 0;
		};
/* End PBXFrameworksBuildPhase section */

/* Begin PBXGroup section */
		292FE7081DEF7031005431D3 = {
			isa = PBXGroup;
			children = (
				292FE7131DEF7032005431D3 /* Project8 */,
				292FE7121DEF7032005431D3 /* Products */,
			);
			sourceTree = "<group>";
		};
		292FE7121DEF7032005431D3 /* Products */ = {
			isa = PBXGroup;
			children = (
				292FE7111DEF7032005431D3 /* Project8.app */,
			);
			name = Products;
			sourceTree = "<group>";
		};
		292FE7131DEF7032005431D3 /* Project8 */ = {
			isa = PBXGroup;
			children = (
				292FE7141DEF7032005431D3 /* AppDelegate.swift */,
				292FE7161DEF7032005431D3 /* ViewController.swift */,
				292FE7181DEF7032005431D3 /* Main.storyboard */,
				292FE71B1DEF7032005431D3 /* Assets.xcassets */,
				292FE71D1DEF7032005431D3 /* LaunchScreen.storyboard */,
				292FE7201DEF7032005431D3 /* Info.plist */,
				292FE7261DEF803C005431D3 /* level1.txt */,
				292FE7281DEF9564005431D3 /* level2.txt */,
			);
			path = Project8;
			sourceTree = "<group>";
		};
/* End PBXGroup section */

/* Begin PBXNativeTarget section */
		292FE7101DEF7031005431D3 /* Project8 */ = {
			isa = PBXNativeTarget;
			buildConfigurationList = 292FE7231DEF7032005431D3 /* Build configuration list for PBXNativeTarget "Project8" */;
			buildPhases = (
				292FE70D1DEF7031005431D3 /* Sources */,
				292FE70E1DEF7031005431D3 /* Frameworks */,
				292FE70F1DEF7031005431D3 /* Resources */,
			);
			buildRules = (
			);
			dependencies = (
			);
			name = Project8;
			productName = Project8;
			productReference = 292FE7111DEF7032005431D3 /* Project8.app */;
			productType = "com.apple.product-type.application";
		};
/* End PBXNativeTarget section */

/* Begin PBXProject section */
		292FE7091DEF7031005431D3 /* Project object */ = {
			isa = PBXProject;
			attributes = {
				LastSwiftUpdateCheck = 0810;
				LastUpgradeCheck = 0810;
				ORGANIZATIONNAME = "Jonathan Deguzman";
				TargetAttributes = {
					292FE7101DEF7031005431D3 = {
						CreatedOnToolsVersion = 8.1;
						ProvisioningStyle = Automatic;
					};
				};
			};
			buildConfigurationList = 292FE70C1DEF7031005431D3 /* Build configuration list for PBXProject "Project8" */;
			compatibilityVersion = "Xcode 3.2";
			developmentRegion = English;
			hasScannedForEncodings = 0;
			knownRegions = (
				en,
				Base,
			);
			mainGroup = 292FE7081DEF7031005431D3;
			productRefGroup = 292FE7121DEF7032005431D3 /* Products */;
			projectDirPath = "";
			projectRoot = "";
			targets = (
				292FE7101DEF7031005431D3 /* Project8 */,
			);
		};
/* End PBXProject section */

/* Begin PBXResourcesBuildPhase section */
		292FE70F1DEF7031005431D3 /* Resources */ = {
			isa = PBXResourcesBuildPhase;
			buildActionMask = 2147483647;
			files = (
				292FE7291DEF9564005431D3 /* level2.txt in Resources */,
				292FE71F1DEF7032005431D3 /* LaunchScreen.storyboard in Resources */,
				292FE7271DEF803C005431D3 /* level1.txt in Resources */,
				292FE71C1DEF7032005431D3 /* Assets.xcassets in Resources */,
				292FE71A1DEF7032005431D3 /* Main.storyboard in Resources */,
			);
			runOnlyForDeploymentPostprocessing = 0;
		};
/* End PBXResourcesBuildPhase section */

/* Begin PBXSourcesBuildPhase section */
		292FE70D1DEF7031005431D3 /* Sources */ = {
			isa = PBXSourcesBuildPhase;
			buildActionMask = 2147483647;
			files = (
				292FE7171DEF7032005431D3 /* ViewController.swift in Sources */,
				292FE7151DEF7032005431D3 /* AppDelegate.swift in Sources */,
			);
			runOnlyForDeploymentPostprocessing = 0;
		};
/* End PBXSourcesBuildPhase section */

/* Begin PBXVariantGroup section */
		292FE7181DEF7032005431D3 /* Main.storyboard */ = {
			isa = PBXVariantGroup;
			children = (
				292FE7191DEF7032005431D3 /* Base */,
			);
			name = Main.storyboard;
			sourceTree = "<group>";
		};
		292FE71D1DEF7032005431D3 /* LaunchScreen.storyboard */ = {
			isa = PBXVariantGroup;
			children = (
				292FE71E1DEF7032005431D3 /* Base */,
			);
			name = LaunchScreen.storyboard;
			sourceTree = "<group>";
		};
/* End PBXVariantGroup section */

/* Begin XCBuildConfiguration section */
		292FE7211DEF7032005431D3 /* Debug */ = {
			isa = XCBuildConfiguration;
			buildSettings = {
				ALWAYS_SEARCH_USER_PATHS = NO;
				CLANG_ANALYZER_NONNULL = YES;
				CLANG_CXX_LANGUAGE_STANDARD = "gnu++0x";
				CLANG_CXX_LIBRARY = "libc++";
				CLANG_ENABLE_MODULES = YES;
				CLANG_ENABLE_OBJC_ARC = YES;
				CLANG_WARN_BOOL_CONVERSION = YES;
				CLANG_WARN_CONSTANT_CONVERSION = YES;
				CLANG_WARN_DIRECT_OBJC_ISA_USAGE = YES_ERROR;
				CLANG_WARN_DOCUMENTATION_COMMENTS = YES;
				CLANG_WARN_EMPTY_BODY = YES;
				CLANG_WARN_ENUM_CONVERSION = YES;
				CLANG_WARN_INFINITE_RECURSION = YES;
				CLANG_WARN_INT_CONVERSION = YES;
				CLANG_WARN_OBJC_ROOT_CLASS = YES_ERROR;
				CLANG_WARN_SUSPICIOUS_MOVES = YES;
				CLANG_WARN_UNREACHABLE_CODE = YES;
				CLANG_WARN__DUPLICATE_METHOD_MATCH = YES;
				"CODE_SIGN_IDENTITY[sdk=iphoneos*]" = "iPhone Developer";
				COPY_PHASE_STRIP = NO;
				DEBUG_INFORMATION_FORMAT = dwarf;
				ENABLE_STRICT_OBJC_MSGSEND = YES;
				ENABLE_TESTABILITY = YES;
				GCC_C_LANGUAGE_STANDARD = gnu99;
				GCC_DYNAMIC_NO_PIC = NO;
				GCC_NO_COMMON_BLOCKS = YES;
				GCC_OPTIMIZATION_LEVEL = 0;
				GCC_PREPROCESSOR_DEFINITIONS = (
					"DEBUG=1",
					"$(inherited)",
				);
				GCC_WARN_64_TO_32_BIT_CONVERSION = YES;
				GCC_WARN_ABOUT_RETURN_TYPE = YES_ERROR;
				GCC_WARN_UNDECLARED_SELECTOR = YES;
				GCC_WARN_UNINITIALIZED_AUTOS = YES_AGGRESSIVE;
				GCC_WARN_UNUSED_FUNCTION = YES;
				GCC_WARN_UNUSED_VARIABLE = YES;
				IPHONEOS_DEPLOYMENT_TARGET = 10.1;
				MTL_ENABLE_DEBUG_INFO = YES;
				ONLY_ACTIVE_ARCH = YES;
				SDKROOT = iphoneos;
				SWIFT_ACTIVE_COMPILATION_CONDITIONS = DEBUG;
				SWIFT_OPTIMIZATION_LEVEL = "-Onone";
				TARGETED_DEVICE_FAMILY = 2;
			};
			name = Debug;
		};
		292FE7221DEF7032005431D3 /* Release */ = {
			isa = XCBuildConfiguration;
			buildSettings = {
				ALWAYS_SEARCH_USER_PATHS = NO;
				CLANG_ANALYZER_NONNULL = YES;
				CLANG_CXX_LANGUAGE_STANDARD = "gnu++0x";
				CLANG_CXX_LIBRARY = "libc++";
				CLANG_ENABLE_MODULES = YES;
				CLANG_ENABLE_OBJC_ARC = YES;
				CLANG_WARN_BOOL_CONVERSION = YES;
				CLANG_WARN_CONSTANT_CONVERSION = YES;
				CLANG_WARN_DIRECT_OBJC_ISA_USAGE = YES_ERROR;
				CLANG_WARN_DOCUMENTATION_COMMENTS = YES;
				CLANG_WARN_EMPTY_BODY = YES;
				CLANG_WARN_ENUM_CONVERSION = YES;
				CLANG_WARN_INFINITE_RECURSION = YES;
				CLANG_WARN_INT_CONVERSION = YES;
				CLANG_WARN_OBJC_ROOT_CLASS = YES_ERROR;
				CLANG_WARN_SUSPICIOUS_MOVES = YES;
				CLANG_WARN_UNREACHABLE_CODE = YES;
				CLANG_WARN__DUPLICATE_METHOD_MATCH = YES;
				"CODE_SIGN_IDENTITY[sdk=iphoneos*]" = "iPhone Developer";
				COPY_PHASE_STRIP = NO;
				DEBUG_INFORMATION_FORMAT = "dwarf-with-dsym";
				ENABLE_NS_ASSERTIONS = NO;
				ENABLE_STRICT_OBJC_MSGSEND = YES;
				GCC_C_LANGUAGE_STANDARD = gnu99;
				GCC_NO_COMMON_BLOCKS = YES;
				GCC_WARN_64_TO_32_BIT_CONVERSION = YES;
				GCC_WARN_ABOUT_RETURN_TYPE = YES_ERROR;
				GCC_WARN_UNDECLARED_SELECTOR = YES;
				GCC_WARN_UNINITIALIZED_AUTOS = YES_AGGRESSIVE;
				GCC_WARN_UNUSED_FUNCTION = YES;
				GCC_WARN_UNUSED_VARIABLE = YES;
				IPHONEOS_DEPLOYMENT_TARGET = 10.1;
				MTL_ENABLE_DEBUG_INFO = NO;
				SDKROOT = iphoneos;
				SWIFT_OPTIMIZATION_LEVEL = "-Owholemodule";
				TARGETED_DEVICE_FAMILY = 2;
				VALIDATE_PRODUCT = YES;
			};
			name = Release;
		};
		292FE7241DEF7032005431D3 /* Debug */ = {
			isa = XCBuildConfiguration;
			buildSettings = {
				ASSETCATALOG_COMPILER_APPICON_NAME = AppIcon;
				INFOPLIST_FILE = Project8/Info.plist;
				LD_RUNPATH_SEARCH_PATHS = "$(inherited) @executable_path/Frameworks";
				PRODUCT_BUNDLE_IDENTIFIER = jpdeguzman.Project8;
				PRODUCT_NAME = "$(TARGET_NAME)";
				SWIFT_VERSION = 3.0;
			};
			name = Debug;
		};
		292FE7251DEF7032005431D3 /* Release */ = {
			isa = XCBuildConfiguration;
			buildSettings = {
				ASSETCATALOG_COMPILER_APPICON_NAME = AppIcon;
				INFOPLIST_FILE = Project8/Info.plist;
				LD_RUNPATH_SEARCH_PATHS = "$(inherited) @executable_path/Frameworks";
				PRODUCT_BUNDLE_IDENTIFIER = jpdeguzman.Project8;
				PRODUCT_NAME = "$(TARGET_NAME)";
				SWIFT_VERSION = 3.0;
			};
			name = Release;
		};
/* End XCBuildConfiguration section */

/* Begin XCConfigurationList section */
		292FE70C1DEF7031005431D3 /* Build configuration list for PBXProject "Project8" */ = {
			isa = XCConfigurationList;
			buildConfigurations = (
				292FE7211DEF7032005431D3 /* Debug */,
				292FE7221DEF7032005431D3 /* Release */,
			);
			defaultConfigurationIsVisible = 0;
			defaultConfigurationName = Release;
		};
		292FE7231DEF7032005431D3 /* Build configuration list for PBXNativeTarget "Project8" */ = {
			isa = XCConfigurationList;
			buildConfigurations = (
				292FE7241DEF7032005431D3 /* Debug */,
				292FE7251DEF7032005431D3 /* Release */,
			);
			defaultConfigurationIsVisible = 0;
		};
/* End XCConfigurationList section */
	};
	rootObject = 292FE7091DEF7031005431D3 /* Project object */;
}
